{
  "name": "thai-citizen-validator",
  "version": "1.2.1",
  "lockfileVersion": 3,
  "requires": true,
  "packages": {
    "": {
      "name": "thai-citizen-validator",
      "version": "1.2.1",
      "license": "MIT",
      "dependencies": {
        "thai-citizen-generator": "^1.0.0"
      },
      "devDependencies": {}
    },
    "node_modules/thai-citizen-generator": {
      "version": "1.0.3",
      "resolved": "https://registry.npmjs.org/thai-citizen-generator/-/thai-citizen-generator-1.0.3.tgz",
      "integrity": "sha512-FgWSWSLagOrWybBblGvWeUAdwRha7C/DXPHhXmwHrBr/qyzy3KxV9s4Tm7fqgHPm7/sukI/TZepDCwGZVUOYvQ==",
      "license": "MIT"
    }
  }
}
